
Microsoft Visual Studio Solution File, Format Version 12.00
# Visual Studio Version 17
VisualStudioVersion = 17.13.35818.85 d17.13
MinimumVisualStudioVersion = 10.0.40219.1
Project("{FAE04EC0-301F-11D3-BF4B-00C04F79EFBC}") = "Hitachi Task", "Hitachi Task.csproj", "{A5EBE0E4-4629-4062-B21A-69D37505B62D}"
EndProject
Global
	GlobalSection(SolutionConfigurationPlatforms) = preSolution
		Debug|Any CPU = Debug|Any CPU
		Release|Any CPU = Release|Any CPU
	EndGlobalSection
	GlobalSection(ProjectConfigurationPlatforms) = postSolution
		{A5EBE0E4-4629-4062-B21A-69D37505B62D}.Debug|Any CPU.ActiveCfg = Debug|Any CPU
		{A5EBE0E4-4629-4062-B21A-69D37505B62D}.Debug|Any CPU.Build.0 = Debug|Any CPU
		{A5EBE0E4-4629-4062-B21A-69D37505B62D}.Release|Any CPU.ActiveCfg = Release|Any CPU
		{A5EBE0E4-4629-4062-B21A-69D37505B62D}.Release|Any CPU.Build.0 = Release|Any CPU
	EndGlobalSection
	GlobalSection(SolutionProperties) = preSolution
		HideSolutionNode = FALSE
	EndGlobalSection
	GlobalSection(ExtensibilityGlobals) = postSolution
		SolutionGuid = {7511B094-FEBB-47C8-B8A9-091C914D0953}
	EndGlobalSection
EndGlobal
